// !$*UTF8*$!
{
	archiveVersion = 1;
	classes = {
	};
	objectVersion = 46;
	objects = {

/* Begin PBXBuildFile section */
		4547C2A2195DF1C10075EBB0 /* AppDelegate.swift in Sources */ = {isa = PBXBuildFile; fileRef = 4547C2A1195DF1C10075EBB0 /* AppDelegate.swift */; };
		4547C2A4195DF1C10075EBB0 /* ViewController.swift in Sources */ = {isa = PBXBuildFile; fileRef = 4547C2A3195DF1C10075EBB0 /* ViewController.swift */; };
		4547C2A7195DF1C10075EBB0 /* Main.storyboard in Resources */ = {isa = PBXBuildFile; fileRef = 4547C2A5195DF1C10075EBB0 /* Main.storyboard */; };
		4547C2A9195DF1C10075EBB0 /* Images.xcassets in Resources */ = {isa = PBXBuildFile; fileRef = 4547C2A8195DF1C10075EBB0 /* Images.xcassets */; };
/* End PBXBuildFile section */

/* Begin PBXFileReference section */
		4547C29C195DF1C10075EBB0 /* KeySmash.app */ = {isa = PBXFileReference; explicitFileType = wrapper.application; includeInIndex = 0; path = KeySmash.app; sourceTree = BUILT_PRODUCTS_DIR; };
		4547C2A0195DF1C10075EBB0 /* Info.plist */ = {isa = PBXFileReference; lastKnownFileType = text.plist.xml; path = Info.plist; sourceTree = "<group>"; };
		4547C2A1195DF1C10075EBB0 /* AppDelegate.swift */ = {isa = PBXFileReference; lastKnownFileType = sourcecode.swift; path = AppDelegate.swift; sourceTree = "<group>"; };
		4547C2A3195DF1C10075EBB0 /* ViewController.swift */ = {isa = PBXFileReference; lastKnownFileType = sourcecode.swift; path = ViewController.swift; sourceTree = "<group>"; };
		4547C2A6195DF1C10075EBB0 /* Base */ = {isa = PBXFileReference; lastKnownFileType = file.storyboard; name = Base; path = Base.lproj/Main.storyboard; sourceTree = "<group>"; };
		4547C2A8195DF1C10075EBB0 /* Images.xcassets */ = {isa = PBXFileReference; lastKnownFileType = folder.assetcatalog; path = Images.xcassets; sourceTree = "<group>"; };
/* End PBXFileReference section */

/* Begin PBXFrameworksBuildPhase section */
		4547C299195DF1C10075EBB0 /* Frameworks */ = {
			isa = PBXFrameworksBuildPhase;
			buildActionMask = 2147483647;
			files = (
			);
			runOnlyForDeploymentPostprocessing = 0;
		};
/* End PBXFrameworksBuildPhase section */

/* Begin PBXGroup section */
		4547C293195DF1C10075EBB0 = {
			isa = PBXGroup;
			children = (
				4547C29E195DF1C10075EBB0 /* KeySmash */,
				4547C29D195DF1C10075EBB0 /* Products */,
			);
			sourceTree = "<group>";
		};
		4547C29D195DF1C10075EBB0 /* Products */ = {
			isa = PBXGroup;
			children = (
				4547C29C195DF1C10075EBB0 /* KeySmash.app */,
			);
			name = Products;
			sourceTree = "<group>";
		};
		4547C29E195DF1C10075EBB0 /* KeySmash */ = {
			isa = PBXGroup;
			children = (
				4547C2A1195DF1C10075EBB0 /* AppDelegate.swift */,
				4547C2A3195DF1C10075EBB0 /* ViewController.swift */,
				4547C2A5195DF1C10075EBB0 /* Main.storyboard */,
				4547C2A8195DF1C10075EBB0 /* Images.xcassets */,
				4547C29F195DF1C10075EBB0 /* Supporting Files */,
			);
			path = KeySmash;
			sourceTree = "<group>";
		};
		4547C29F195DF1C10075EBB0 /* Supporting Files */ = {
			isa = PBXGroup;
			children = (
				4547C2A0195DF1C10075EBB0 /* Info.plist */,
			);
			name = "Supporting Files";
			sourceTree = "<group>";
		};
/* End PBXGroup section */

/* Begin PBXNativeTarget section */
		4547C29B195DF1C10075EBB0 /* KeySmash */ = {
			isa = PBXNativeTarget;
			buildConfigurationList = 4547C2B8195DF1C10075EBB0 /* Build configuration list for PBXNativeTarget "KeySmash" */;
			buildPhases = (
				4547C298195DF1C10075EBB0 /* Sources */,
				4547C299195DF1C10075EBB0 /* Frameworks */,
				4547C29A195DF1C10075EBB0 /* Resources */,
			);
			buildRules = (
			);
			dependencies = (
			);
			name = KeySmash;
			productName = KeySmash;
			productReference = 4547C29C195DF1C10075EBB0 /* KeySmash.app */;
			productType = "com.apple.product-type.application";
		};
/* End PBXNativeTarget section */

/* Begin PBXProject section */
		4547C294195DF1C10075EBB0 /* Project object */ = {
			isa = PBXProject;
			attributes = {
				LastUpgradeCheck = 0600;
				ORGANIZATIONNAME = "Piikea Street";
				TargetAttributes = {
					4547C29B195DF1C10075EBB0 = {
						CreatedOnToolsVersion = 6.0;
					};
				};
			};
			buildConfigurationList = 4547C297195DF1C10075EBB0 /* Build configuration list for PBXProject "KeySmash" */;
			compatibilityVersion = "Xcode 3.2";
			developmentRegion = English;
			hasScannedForEncodings = 0;
			knownRegions = (
				en,
				Base,
			);
			mainGroup = 4547C293195DF1C10075EBB0;
			productRefGroup = 4547C29D195DF1C10075EBB0 /* Products */;
			projectDirPath = "";
			projectRoot = "";
			targets = (
				4547C29B195DF1C10075EBB0 /* KeySmash */,
			);
		};
/* End PBXProject section */

/* Begin PBXResourcesBuildPhase section */
		4547C29A195DF1C10075EBB0 /* Resources */ = {
			isa = PBXResourcesBuildPhase;
			buildActionMask = 2147483647;
			files = (
				4547C2A7195DF1C10075EBB0 /* Main.storyboard in Resources */,
				4547C2A9195DF1C10075EBB0 /* Images.xcassets in Resources */,
			);
			runOnlyForDeploymentPostprocessing = 0;
		};
/* End PBXResourcesBuildPhase section */

/* Begin PBXSourcesBuildPhase section */
		4547C298195DF1C10075EBB0 /* Sources */ = {
			isa = PBXSourcesBuildPhase;
			buildActionMask = 2147483647;
			files = (
				4547C2A4195DF1C10075EBB0 /* ViewController.swift in Sources */,
				4547C2A2195DF1C10075EBB0 /* AppDelegate.swift in Sources */,
			);
			runOnlyForDeploymentPostprocessing = 0;
		};
/* End PBXSourcesBuildPhase section */

/* Begin PBXVariantGroup section */
		4547C2A5195DF1C10075EBB0 /* Main.storyboard */ = {
			isa = PBXVariantGroup;
			children = (
				4547C2A6195DF1C10075EBB0 /* Base */,
			);
			name = Main.storyboard;
			sourceTree = "<group>";
		};
/* End PBXVariantGroup section */

/* Begin XCBuildConfiguration section */
		4547C2B6195DF1C10075EBB0 /* Debug */ = {
			isa = XCBuildConfiguration;
			buildSettings = {
				ALWAYS_SEARCH_USER_PATHS = NO;
				CLANG_CXX_LANGUAGE_STANDARD = "gnu++0x";
				CLANG_CXX_LIBRARY = "libc++";
				CLANG_ENABLE_MODULES = YES;
				CLANG_ENABLE_OBJC_ARC = YES;
				CLANG_WARN_BOOL_CONVERSION = YES;
				CLANG_WARN_CONSTANT_CONVERSION = YES;
				CLANG_WARN_DIRECT_OBJC_ISA_USAGE = YES_ERROR;
				CLANG_WARN_EMPTY_BODY = YES;
				CLANG_WARN_ENUM_CONVERSION = YES;
				CLANG_WARN_INT_CONVERSION = YES;
				CLANG_WARN_OBJC_ROOT_CLASS = YES_ERROR;
				CLANG_WARN_UNREACHABLE_CODE = YES;
				CLANG_WARN__DUPLICATE_METHOD_MATCH = YES;
				"CODE_SIGN_IDENTITY[sdk=iphoneos*]" = "iPhone Developer";
				COPY_PHASE_STRIP = NO;
				ENABLE_STRICT_OBJC_MSGSEND = YES;
				GCC_C_LANGUAGE_STANDARD = gnu99;
				GCC_DYNAMIC_NO_PIC = NO;
				GCC_OPTIMIZATION_LEVEL = 0;
				GCC_PREPROCESSOR_DEFINITIONS = (
					"DEBUG=1",
					"$(inherited)",
				);
				GCC_SYMBOLS_PRIVATE_EXTERN = NO;
				GCC_WARN_64_TO_32_BIT_CONVERSION = YES;
				GCC_WARN_ABOUT_RETURN_TYPE = YES_ERROR;
				GCC_WARN_UNDECLARED_SELECTOR = YES;
				GCC_WARN_UNINITIALIZED_AUTOS = YES_AGGRESSIVE;
				GCC_WARN_UNUSED_FUNCTION = YES;
				GCC_WARN_UNUSED_VARIABLE = YES;
				IPHONEOS_DEPLOYMENT_TARGET = 8.0;
				METAL_ENABLE_DEBUG_INFO = YES;
				ONLY_ACTIVE_ARCH = YES;
				SDKROOT = iphoneos;
				SWIFT_OPTIMIZATION_LEVEL = "-Onone";
				TARGETED_DEVICE_FAMILY = "1,2";
			};
			name = Debug;
		};
		4547C2B7195DF1C10075EBB0 /* Release */ = {
			isa = XCBuildConfiguration;
			buildSettings = {
				ALWAYS_SEARCH_USER_PATHS = NO;
				CLANG_CXX_LANGUAGE_STANDARD = "gnu++0x";
				CLANG_CXX_LIBRARY = "libc++";
				CLANG_ENABLE_MODULES = YES;
				CLANG_ENABLE_OBJC_ARC = YES;
				CLANG_WARN_BOOL_CONVERSION = YES;
				CLANG_WARN_CONSTANT_CONVERSION = YES;
				CLANG_WARN_DIRECT_OBJC_ISA_USAGE = YES_ERROR;
				CLANG_WARN_EMPTY_BODY = YES;
				CLANG_WARN_ENUM_CONVERSION = YES;
				CLANG_WARN_INT_CONVERSION = YES;
				CLANG_WARN_OBJC_ROOT_CLASS = YES_ERROR;
				CLANG_WARN_UNREACHABLE_CODE = YES;
				CLANG_WARN__DUPLICATE_METHOD_MATCH = YES;
				"CODE_SIGN_IDENTITY[sdk=iphoneos*]" = "iPhone Developer";
				COPY_PHASE_STRIP = YES;
				ENABLE_NS_ASSERTIONS = NO;
				ENABLE_STRICT_OBJC_MSGSEND = YES;
				GCC_C_LANGUAGE_STANDARD = gnu99;
				GCC_WARN_64_TO_32_BIT_CONVERSION = YES;
				GCC_WARN_ABOUT_RETURN_TYPE = YES_ERROR;
				GCC_WARN_UNDECLARED_SELECTOR = YES;
				GCC_WARN_UNINITIALIZED_AUTOS = YES_AGGRESSIVE;
				GCC_WARN_UNUSED_FUNCTION = YES;
				GCC_WARN_UNUSED_VARIABLE = YES;
				IPHONEOS_DEPLOYMENT_TARGET = 8.0;
				METAL_ENABLE_DEBUG_INFO = NO;
				SDKROOT = iphoneos;
				TARGETED_DEVICE_FAMILY = "1,2";
				VALIDATE_PRODUCT = YES;
			};
			name = Release;
		};
		4547C2B9195DF1C10075EBB0 /* Debug */ = {
			isa = XCBuildConfiguration;
			buildSettings = {
				ASSETCATALOG_COMPILER_APPICON_NAME = AppIcon;
				ASSETCATALOG_COMPILER_LAUNCHIMAGE_NAME = LaunchImage;
				INFOPLIST_FILE = KeySmash/Info.plist;
				IPHONEOS_DEPLOYMENT_TARGET = 7.0;
				LD_RUNPATH_SEARCH_PATHS = "$(inherited) @executable_path/Frameworks";
				PRODUCT_NAME = KeySmash;
			};
			name = Debug;
		};
		4547C2BA195DF1C10075EBB0 /* Release */ = {
			isa = XCBuildConfiguration;
			buildSettings = {
				ASSETCATALOG_COMPILER_APPICON_NAME = AppIcon;
				ASSETCATALOG_COMPILER_LAUNCHIMAGE_NAME = LaunchImage;
				INFOPLIST_FILE = KeySmash/Info.plist;
				IPHONEOS_DEPLOYMENT_TARGET = 7.0;
				LD_RUNPATH_SEARCH_PATHS = "$(inherited) @executable_path/Frameworks";
				PRODUCT_NAME = KeySmash;
			};
			name = Release;
		};
/* End XCBuildConfiguration section */

/* Begin XCConfigurationList section */
		4547C297195DF1C10075EBB0 /* Build configuration list for PBXProject "KeySmash" */ = {
			isa = XCConfigurationList;
			buildConfigurations = (
				4547C2B6195DF1C10075EBB0 /* Debug */,
				4547C2B7195DF1C10075EBB0 /* Release */,
			);
			defaultConfigurationIsVisible = 0;
			defaultConfigurationName = Release;
		};
		4547C2B8195DF1C10075EBB0 /* Build configuration list for PBXNativeTarget "KeySmash" */ = {
			isa = XCConfigurationList;
			buildConfigurations = (
				4547C2B9195DF1C10075EBB0 /* Debug */,
				4547C2BA195DF1C10075EBB0 /* Release */,
			);
			defaultConfigurationIsVisible = 0;
			defaultConfigurationName = Release;
		};
/* End XCConfigurationList section */
	};
	rootObject = 4547C294195DF1C10075EBB0 /* Project object */;
}
